
Microsoft Visual Studio Solution File, Format Version 10.00
# Visual Studio 2008
Project("{8BC9CEB8-8B4A-11D0-8D11-00A0C91BC942}") = "Consecutive II", "Consecutive II.vcproj", "{6CBFADC1-23C9-401B-88AF-A75988F76CFA}"
EndProject
Global
	GlobalSection(SolutionConfigurationPlatforms) = preSolution
		Debug|Win32 = Debug|Win32
		Release|Win32 = Release|Win32
	EndGlobalSection
	GlobalSection(ProjectConfigurationPlatforms) = postSolution
		{6CBFADC1-23C9-401B-88AF-A75988F76CFA}.Debug|Win32.ActiveCfg = Debug|Win32
		{6CBFADC1-23C9-401B-88AF-A75988F76CFA}.Debug|Win32.Build.0 = Debug|Win32
		{6CBFADC1-23C9-401B-88AF-A75988F76CFA}.Release|Win32.ActiveCfg = Release|Win32
		{6CBFADC1-23C9-401B-88AF-A75988F76CFA}.Release|Win32.Build.0 = Release|Win32
	EndGlobalSection
	GlobalSection(SolutionProperties) = preSolution
		HideSolutionNode = FALSE
	EndGlobalSection
EndGlobal
