
Microsoft Visual Studio Solution File, Format Version 10.00
# Visual Studio 2008
Project("{8BC9CEB8-8B4A-11D0-8D11-00A0C91BC942}") = "Unwrap", "Unwrap.vcproj", "{0F515444-D759-4AF6-A368-C5F3EE80C142}"
EndProject
Global
	GlobalSection(SolutionConfigurationPlatforms) = preSolution
		Debug|Win32 = Debug|Win32
		Release|Win32 = Release|Win32
	EndGlobalSection
	GlobalSection(ProjectConfigurationPlatforms) = postSolution
		{0F515444-D759-4AF6-A368-C5F3EE80C142}.Debug|Win32.ActiveCfg = Debug|Win32
		{0F515444-D759-4AF6-A368-C5F3EE80C142}.Debug|Win32.Build.0 = Debug|Win32
		{0F515444-D759-4AF6-A368-C5F3EE80C142}.Release|Win32.ActiveCfg = Release|Win32
		{0F515444-D759-4AF6-A368-C5F3EE80C142}.Release|Win32.Build.0 = Release|Win32
	EndGlobalSection
	GlobalSection(SolutionProperties) = preSolution
		HideSolutionNode = FALSE
	EndGlobalSection
EndGlobal
